{
    "name": "csskit",
    "version": "0.0.31",
    "lockfileVersion": 3,
    "requires": true,
    "packages": {
        "": {
            "name": "csskit",
            "version": "0.0.31",
            "license": "MIT",
            "dependencies": {
                "csskit-darwin-arm64": "^0.0.30",
                "csskit-darwin-x64": "^0.0.30",
                "csskit-linux-arm64": "^0.0.30",
                "csskit-linux-x64": "^0.0.30",
                "csskit-win32-arm64": "^0.0.30",
                "csskit-win32-x64": "^0.0.30"
            },
            "funding": {
                "url": "https://github.com/sponsors/keithamus"
            },
            "optionalDependencies": {
                "csskit-darwin-arm64": "0.0.30",
                "csskit-darwin-x64": "0.0.30",
                "csskit-linux-arm64": "0.0.30",
                "csskit-linux-x64": "0.0.30",
                "csskit-win32-arm64": "0.0.30",
                "csskit-win32-x64": "0.0.30"
            }
        },
        "node_modules/csskit-darwin-arm64": {
            "version": "0.0.30",
            "resolved": "https://registry.npmjs.org/csskit-darwin-arm64/-/csskit-darwin-arm64-0.0.30.tgz",
            "integrity": "sha512-ezMcIw1ipZbhzB/XNArzJNtQRRD0MBvOweC6yzOrmKdVUCLFIAk1Y9HKIYL/hmdeo9hVUM6SBDduo/iRIDKuLg==",
            "cpu": [
                "arm64"
            ],
            "license": "MIT",
            "optional": true,
            "os": [
                "darwin"
            ],
            "bin": {
                "csskit": "bin/csskit"
            },
            "funding": {
                "url": "https://github.com/sponsors/keithamus"
            }
        },
        "node_modules/csskit-darwin-x64": {
            "version": "0.0.30",
            "resolved": "https://registry.npmjs.org/csskit-darwin-x64/-/csskit-darwin-x64-0.0.30.tgz",
            "integrity": "sha512-pcB7Pj45u+4REKgsSPcE/WBVJJEYzkp5ARGlODvKlV80kHuH8t1bxPC3mImwtg88FsrwVZEtc4SgSa7sC/d4PQ==",
            "cpu": [
                "x64"
            ],
            "license": "MIT",
            "optional": true,
            "os": [
                "darwin"
            ],
            "bin": {
                "csskit": "bin/csskit"
            },
            "funding": {
                "url": "https://github.com/sponsors/keithamus"
            }
        },
        "node_modules/csskit-linux-arm64": {
            "version": "0.0.30",
            "resolved": "https://registry.npmjs.org/csskit-linux-arm64/-/csskit-linux-arm64-0.0.30.tgz",
            "integrity": "sha512-I+6LpEhNeu0hpa17J4I9mQwUbfS6t6rkZMZLtJPZ8ENhQhEJ7K+gGwXi0nIK+Wr4WMP8Am0kVc+Qga9WCQA5YA==",
            "cpu": [
                "arm64"
            ],
            "license": "MIT",
            "optional": true,
            "os": [
                "linux"
            ],
            "bin": {
                "csskit": "bin/csskit"
            },
            "funding": {
                "url": "https://github.com/sponsors/keithamus"
            }
        },
        "node_modules/csskit-linux-x64": {
            "version": "0.0.30",
            "resolved": "https://registry.npmjs.org/csskit-linux-x64/-/csskit-linux-x64-0.0.30.tgz",
            "integrity": "sha512-J9LeH2HMpe8uwpq573+w7UfdzlMFJibymMYt/iOi/3oHMNnnhd8AWZx3EciccfnX8OVtfn/m5bV/BVY3TKbc1g==",
            "cpu": [
                "x64"
            ],
            "license": "MIT",
            "optional": true,
            "os": [
                "linux"
            ],
            "bin": {
                "csskit": "bin/csskit"
            },
            "funding": {
                "url": "https://github.com/sponsors/keithamus"
            }
        },
        "node_modules/csskit-win32-arm64": {
            "version": "0.0.30",
            "resolved": "https://registry.npmjs.org/csskit-win32-arm64/-/csskit-win32-arm64-0.0.30.tgz",
            "integrity": "sha512-hw3Y20wDwBCHrVC0M9s608boVnhdqUsZreJtYsKq4AiMSGOrGceNnyovAEevoJiGPrh3ZjKuWfjiz8XmmbWc6A==",
            "cpu": [
                "arm64"
            ],
            "license": "MIT",
            "optional": true,
            "os": [
                "win32"
            ],
            "bin": {
                "csskit": "bin/csskit.exe"
            },
            "funding": {
                "url": "https://github.com/sponsors/keithamus"
            }
        },
        "node_modules/csskit-win32-x64": {
            "version": "0.0.30",
            "resolved": "https://registry.npmjs.org/csskit-win32-x64/-/csskit-win32-x64-0.0.30.tgz",
            "integrity": "sha512-vtDIEgpZSfleAyGv12gl1+IOtsFoM10po34c6tkKTyJBwetl6NSZJ6g0JtaWXns8uIdpmrKIhnD4YZarvBNgqg==",
            "cpu": [
                "x64"
            ],
            "license": "MIT",
            "optional": true,
            "os": [
                "win32"
            ],
            "bin": {
                "csskit": "bin/csskit.exe"
            },
            "funding": {
                "url": "https://github.com/sponsors/keithamus"
            }
        }
    }
}
