{
    "name": "csskit",
    "version": "0.0.17",
    "lockfileVersion": 3,
    "requires": true,
    "packages": {
        "": {
            "name": "csskit",
            "version": "0.0.17",
            "license": "MIT",
            "dependencies": {
                "csskit-darwin-arm64": "^0.0.17",
                "csskit-darwin-x64": "^0.0.17",
                "csskit-linux-arm64": "^0.0.17",
                "csskit-linux-x64": "^0.0.17",
                "csskit-win32-arm64": "^0.0.17",
                "csskit-win32-x64": "^0.0.17"
            },
            "bin": {
                "csskit": "bin/csskit"
            },
            "funding": {
                "url": "https://github.com/sponsors/keithamus"
            },
            "optionalDependencies": {
                "csskit-darwin-arm64": "0.0.17",
                "csskit-darwin-x64": "0.0.17",
                "csskit-linux-arm64": "0.0.17",
                "csskit-linux-x64": "0.0.17",
                "csskit-win32-arm64": "0.0.17",
                "csskit-win32-x64": "0.0.17"
            }
        },
        "node_modules/csskit-darwin-arm64": {
            "version": "0.0.17",
            "resolved": "https://registry.npmjs.org/csskit-darwin-arm64/-/csskit-darwin-arm64-0.0.17.tgz",
            "integrity": "sha512-Q4yK1n4aH5Iats0kzAiq0/KZkUCs42pkAYrc6LUgFCMlBioM0hv5f6uj+w1noM2lcAGAM8IUMTKTxr/K67khyQ==",
            "cpu": [
                "arm64"
            ],
            "license": "MIT",
            "optional": true,
            "os": [
                "darwin"
            ],
            "bin": {
                "csskit": "bin/csskit"
            },
            "funding": {
                "url": "https://github.com/sponsors/keithamus"
            }
        },
        "node_modules/csskit-darwin-x64": {
            "version": "0.0.17",
            "resolved": "https://registry.npmjs.org/csskit-darwin-x64/-/csskit-darwin-x64-0.0.17.tgz",
            "integrity": "sha512-hVGg2CdHflzdFTsKNVl1QnG339DRDwZ8QxFLYsUTlq9F5aCjymTdUxOLE8y50I5KuCSclumoakNWaCNhJr9QRg==",
            "cpu": [
                "x64"
            ],
            "license": "MIT",
            "optional": true,
            "os": [
                "darwin"
            ],
            "bin": {
                "csskit": "bin/csskit"
            },
            "funding": {
                "url": "https://github.com/sponsors/keithamus"
            }
        },
        "node_modules/csskit-linux-arm64": {
            "version": "0.0.17",
            "resolved": "https://registry.npmjs.org/csskit-linux-arm64/-/csskit-linux-arm64-0.0.17.tgz",
            "integrity": "sha512-KybKs94F3cmTViHw6WJFHpVSVD4Ws/A+Dw9+NUjicbXQSuHf8E/9oPtw2HM1pQZuCkXKScJjTxniJIZfe55UMw==",
            "cpu": [
                "arm64"
            ],
            "license": "MIT",
            "optional": true,
            "os": [
                "linux"
            ],
            "bin": {
                "csskit": "bin/csskit"
            },
            "funding": {
                "url": "https://github.com/sponsors/keithamus"
            }
        },
        "node_modules/csskit-linux-x64": {
            "version": "0.0.17",
            "resolved": "https://registry.npmjs.org/csskit-linux-x64/-/csskit-linux-x64-0.0.17.tgz",
            "integrity": "sha512-knbMJotf5g4VVIAecLAqTM+HLj0jRvXnP/M3gwY7N/OzWigFOMWZaeWUo6JRbWTr5E0wCIKaFU75wnxdG6ckpQ==",
            "cpu": [
                "x64"
            ],
            "license": "MIT",
            "optional": true,
            "os": [
                "linux"
            ],
            "bin": {
                "csskit": "bin/csskit"
            },
            "funding": {
                "url": "https://github.com/sponsors/keithamus"
            }
        },
        "node_modules/csskit-win32-arm64": {
            "version": "0.0.17",
            "resolved": "https://registry.npmjs.org/csskit-win32-arm64/-/csskit-win32-arm64-0.0.17.tgz",
            "integrity": "sha512-XkA6JZeWUfMAOa/R6he5G0PJR3xrxEnwptsHgjAhWzP4u+5h3NO0c2nvASxVjS0bvEHq914TsCogv9KRtA5fbw==",
            "cpu": [
                "arm64"
            ],
            "license": "MIT",
            "optional": true,
            "os": [
                "win32"
            ],
            "bin": {
                "csskit": "bin/csskit.exe"
            },
            "funding": {
                "url": "https://github.com/sponsors/keithamus"
            }
        },
        "node_modules/csskit-win32-x64": {
            "version": "0.0.17",
            "resolved": "https://registry.npmjs.org/csskit-win32-x64/-/csskit-win32-x64-0.0.17.tgz",
            "integrity": "sha512-v72Nde0S7bT7xD7TAahGPPOmSDIx9m4EFPkD8YNC9CeTghDIaBuWCLhW4O96VHn0lk3ifTGsu5lENCAB+Ci1oQ==",
            "cpu": [
                "x64"
            ],
            "license": "MIT",
            "optional": true,
            "os": [
                "win32"
            ],
            "bin": {
                "csskit": "bin/csskit.exe"
            },
            "funding": {
                "url": "https://github.com/sponsors/keithamus"
            }
        }
    }
}
