{
    "name": "csskit",
    "version": "0.0.7",
    "lockfileVersion": 3,
    "requires": true,
    "packages": {
        "": {
            "name": "csskit",
            "version": "0.0.7",
            "license": "MIT",
            "bin": {
                "csskit": "bin/csskit"
            },
            "funding": {
                "url": "https://github.com/sponsors/keithamus"
            },
            "optionalDependencies": {
                "csskit-darwin-arm64": "0.0.5",
                "csskit-darwin-x64": "0.0.5",
                "csskit-linux-arm64": "0.0.5",
                "csskit-linux-x64": "0.0.5",
                "csskit-win32-arm64": "0.0.5",
                "csskit-win32-x64": "0.0.5"
            }
        },
        "node_modules/csskit-darwin-arm64": {
            "version": "0.0.5",
            "resolved": "https://registry.npmjs.org/csskit-darwin-arm64/-/csskit-darwin-arm64-0.0.5.tgz",
            "integrity": "sha512-7/Ze8raVh1f+MkXGyZUN/5di5SXRbQPx7KrdreUpVucAnbQADGqKKwVxkd3NsGm4256W4AZ9teP4Mp6fzfX2KQ==",
            "cpu": [
                "arm64"
            ],
            "license": "MIT",
            "optional": true,
            "os": [
                "darwin"
            ],
            "bin": {
                "csskit": "bin/csskit"
            },
            "funding": {
                "url": "https://github.com/sponsors/keithamus"
            }
        },
        "node_modules/csskit-darwin-x64": {
            "version": "0.0.5",
            "resolved": "https://registry.npmjs.org/csskit-darwin-x64/-/csskit-darwin-x64-0.0.5.tgz",
            "integrity": "sha512-0dylALHSzS1y4ygfQNTxpbrW+I/N/zQ1+i7f7ZElxy0TMQfrHF3OtrNRj21u717sdYv7TV2aXqVmmFJry1Dc3A==",
            "cpu": [
                "x64"
            ],
            "license": "MIT",
            "optional": true,
            "os": [
                "darwin"
            ],
            "bin": {
                "csskit": "bin/csskit"
            },
            "funding": {
                "url": "https://github.com/sponsors/keithamus"
            }
        },
        "node_modules/csskit-linux-arm64": {
            "version": "0.0.5",
            "resolved": "https://registry.npmjs.org/csskit-linux-arm64/-/csskit-linux-arm64-0.0.5.tgz",
            "integrity": "sha512-PD/ZLuTWIOuKMw4FJyO/H341wvfptNYE4NCWeZozjiCw64dafrSkq06iPioAgmByA/wBWaF6la+MAXKiOx3Z1A==",
            "cpu": [
                "arm64"
            ],
            "license": "MIT",
            "optional": true,
            "os": [
                "linux"
            ],
            "bin": {
                "csskit": "bin/csskit"
            },
            "funding": {
                "url": "https://github.com/sponsors/keithamus"
            }
        },
        "node_modules/csskit-linux-x64": {
            "version": "0.0.5",
            "resolved": "https://registry.npmjs.org/csskit-linux-x64/-/csskit-linux-x64-0.0.5.tgz",
            "integrity": "sha512-XnfA1SsFZey/zM2ge6YwBJwKP0JpCc6ftyeODfdcnOziwS/ErZaBALnQY+/BCmz6pGJHdv5lBOwrPTrfdJHTcw==",
            "cpu": [
                "x64"
            ],
            "license": "MIT",
            "optional": true,
            "os": [
                "linux"
            ],
            "bin": {
                "csskit": "bin/csskit"
            },
            "funding": {
                "url": "https://github.com/sponsors/keithamus"
            }
        },
        "node_modules/csskit-win32-arm64": {
            "version": "0.0.5",
            "resolved": "https://registry.npmjs.org/csskit-win32-arm64/-/csskit-win32-arm64-0.0.5.tgz",
            "integrity": "sha512-CzjNGJRaQSTimrAGqdmm1GdEf/ZuqUl/1KgSJv9PaBlPRoYHwV7N9oQLEZnFqzJvzz1v4rkGypr0X3osSAfAKw==",
            "cpu": [
                "arm64"
            ],
            "license": "MIT",
            "optional": true,
            "os": [
                "win32"
            ],
            "bin": {
                "csskit": "bin/csskit.exe"
            },
            "funding": {
                "url": "https://github.com/sponsors/keithamus"
            }
        },
        "node_modules/csskit-win32-x64": {
            "version": "0.0.5",
            "resolved": "https://registry.npmjs.org/csskit-win32-x64/-/csskit-win32-x64-0.0.5.tgz",
            "integrity": "sha512-cWCjc9kMtghrd2meZM/9C6mZb51Nyke/YF9s+/5fwHpdQGBCXLpUKsVITEKNHaDkZeu+mkz1U4SJ8PZk5x3uow==",
            "cpu": [
                "x64"
            ],
            "license": "MIT",
            "optional": true,
            "os": [
                "win32"
            ],
            "bin": {
                "csskit": "bin/csskit.exe"
            },
            "funding": {
                "url": "https://github.com/sponsors/keithamus"
            }
        }
    }
}
